
Microsoft Visual Studio Solution File, Format Version 10.00
# Visual C# Express 2008
Project("{FAE04EC0-301F-11D3-BF4B-00C04F79EFBC}") = "PuTTY Session Manager", "PuTTYSessionManager\PuTTY Session Manager.csproj", "{043D06B2-54A0-40C6-AC44-BBCF30717E90}"
EndProject
Global
	GlobalSection(SolutionConfigurationPlatforms) = preSolution
		Debug|Any CPU = Debug|Any CPU
		Release|Any CPU = Release|Any CPU
	EndGlobalSection
	GlobalSection(ProjectConfigurationPlatforms) = postSolution
		{043D06B2-54A0-40C6-AC44-BBCF30717E90}.Debug|Any CPU.ActiveCfg = Debug|Any CPU
		{043D06B2-54A0-40C6-AC44-BBCF30717E90}.Debug|Any CPU.Build.0 = Debug|Any CPU
		{043D06B2-54A0-40C6-AC44-BBCF30717E90}.Release|Any CPU.ActiveCfg = Release|Any CPU
		{043D06B2-54A0-40C6-AC44-BBCF30717E90}.Release|Any CPU.Build.0 = Release|Any CPU
	EndGlobalSection
	GlobalSection(SolutionProperties) = preSolution
		HideSolutionNode = FALSE
	EndGlobalSection
	GlobalSection(SubversionScc) = preSolution
		Svn-Managed = True
		Manager = AnkhSVN - Subversion Support for Visual Studio
	EndGlobalSection
EndGlobal
